
Microsoft Visual Studio Solution File, Format Version 12.00
# Visual Studio Version 16
VisualStudioVersion = 16.0.31005.135
MinimumVisualStudioVersion = 10.0.40219.1
Project("{FAE04EC0-301F-11D3-BF4B-00C04F79EFBC}") = "IRS", "IRS\IRS.csproj", "{6DEADDAB-0E67-401F-AFAF-838C2FDD3F99}"
EndProject
Global
	GlobalSection(SolutionConfigurationPlatforms) = preSolution
		Debug|Any CPU = Debug|Any CPU
		Release|Any CPU = Release|Any CPU
	EndGlobalSection
	GlobalSection(ProjectConfigurationPlatforms) = postSolution
		{6DEADDAB-0E67-401F-AFAF-838C2FDD3F99}.Debug|Any CPU.ActiveCfg = Debug|Any CPU
		{6DEADDAB-0E67-401F-AFAF-838C2FDD3F99}.Debug|Any CPU.Build.0 = Debug|Any CPU
		{6DEADDAB-0E67-401F-AFAF-838C2FDD3F99}.Release|Any CPU.ActiveCfg = Release|Any CPU
		{6DEADDAB-0E67-401F-AFAF-838C2FDD3F99}.Release|Any CPU.Build.0 = Release|Any CPU
	EndGlobalSection
	GlobalSection(SolutionProperties) = preSolution
		HideSolutionNode = FALSE
	EndGlobalSection
	GlobalSection(ExtensibilityGlobals) = postSolution
		SolutionGuid = {D8A50A2A-D571-40A6-9974-B4785F5F23B5}
	EndGlobalSection
EndGlobal
