
Microsoft Visual Studio Solution File, Format Version 12.00
# Visual Studio Version 16
VisualStudioVersion = 16.0.31005.135
MinimumVisualStudioVersion = 10.0.40219.1
Project("{FAE04EC0-301F-11D3-BF4B-00C04F79EFBC}") = "Entrega_pizza", "Entrega_pizza\Entrega_pizza.csproj", "{B7B141EF-D97C-45E3-8C5D-44995A1A517A}"
EndProject
Global
	GlobalSection(SolutionConfigurationPlatforms) = preSolution
		Debug|Any CPU = Debug|Any CPU
		Release|Any CPU = Release|Any CPU
	EndGlobalSection
	GlobalSection(ProjectConfigurationPlatforms) = postSolution
		{B7B141EF-D97C-45E3-8C5D-44995A1A517A}.Debug|Any CPU.ActiveCfg = Debug|Any CPU
		{B7B141EF-D97C-45E3-8C5D-44995A1A517A}.Debug|Any CPU.Build.0 = Debug|Any CPU
		{B7B141EF-D97C-45E3-8C5D-44995A1A517A}.Release|Any CPU.ActiveCfg = Release|Any CPU
		{B7B141EF-D97C-45E3-8C5D-44995A1A517A}.Release|Any CPU.Build.0 = Release|Any CPU
	EndGlobalSection
	GlobalSection(SolutionProperties) = preSolution
		HideSolutionNode = FALSE
	EndGlobalSection
	GlobalSection(ExtensibilityGlobals) = postSolution
		SolutionGuid = {306C78C1-0C07-4350-8297-FD55D53D810A}
	EndGlobalSection
EndGlobal
