
Microsoft Visual Studio Solution File, Format Version 12.00
# Visual Studio Version 16
VisualStudioVersion = 16.0.31005.135
MinimumVisualStudioVersion = 10.0.40219.1
Project("{FAE04EC0-301F-11D3-BF4B-00C04F79EFBC}") = "IMC", "IMC\IMC.csproj", "{E92DFD7E-7D0B-47A1-A63F-C403D5B23951}"
EndProject
Global
	GlobalSection(SolutionConfigurationPlatforms) = preSolution
		Debug|Any CPU = Debug|Any CPU
		Release|Any CPU = Release|Any CPU
	EndGlobalSection
	GlobalSection(ProjectConfigurationPlatforms) = postSolution
		{E92DFD7E-7D0B-47A1-A63F-C403D5B23951}.Debug|Any CPU.ActiveCfg = Debug|Any CPU
		{E92DFD7E-7D0B-47A1-A63F-C403D5B23951}.Debug|Any CPU.Build.0 = Debug|Any CPU
		{E92DFD7E-7D0B-47A1-A63F-C403D5B23951}.Release|Any CPU.ActiveCfg = Release|Any CPU
		{E92DFD7E-7D0B-47A1-A63F-C403D5B23951}.Release|Any CPU.Build.0 = Release|Any CPU
	EndGlobalSection
	GlobalSection(SolutionProperties) = preSolution
		HideSolutionNode = FALSE
	EndGlobalSection
	GlobalSection(ExtensibilityGlobals) = postSolution
		SolutionGuid = {79D6A35B-D9AD-4693-A2FA-8D9229378925}
	EndGlobalSection
EndGlobal
